
Microsoft Visual Studio Solution File, Format Version 11.00
# Visual Studio 2010
Project("{FAE04EC0-301F-11D3-BF4B-00C04F79EFBC}") = "Lets_Get_FiscalContent", "Lets_Get_Fiscal\Lets_Get_FiscalContent\Lets_Get_FiscalContent.contentproj", "{E63E45E5-F11F-4097-8FC4-94E477D6019D}"
EndProject
Project("{FAE04EC0-301F-11D3-BF4B-00C04F79EFBC}") = "WIN Lets_Get_Fiscal", "Lets_Get_Fiscal\Lets_Get_Fiscal\WIN Lets_Get_Fiscal.csproj", "{FB019A03-6AF0-4DAC-8D02-EFBFA2580CDC}"
EndProject
Project("{FAE04EC0-301F-11D3-BF4B-00C04F79EFBC}") = "360 Lets_Get_Fiscal", "Lets_Get_Fiscal\Lets_Get_Fiscal\360 Lets_Get_Fiscal.csproj", "{7D744755-3F4C-4DBE-8320-47FDEB4522AF}"
EndProject
Global
	GlobalSection(SolutionConfigurationPlatforms) = preSolution
		Debug|Mixed Platforms = Debug|Mixed Platforms
		Debug|Windows Phone = Debug|Windows Phone
		Debug|x86 = Debug|x86
		Debug|Xbox 360 = Debug|Xbox 360
		Release|Mixed Platforms = Release|Mixed Platforms
		Release|Windows Phone = Release|Windows Phone
		Release|x86 = Release|x86
		Release|Xbox 360 = Release|Xbox 360
	EndGlobalSection
	GlobalSection(ProjectConfigurationPlatforms) = postSolution
		{E63E45E5-F11F-4097-8FC4-94E477D6019D}.Debug|Mixed Platforms.ActiveCfg = Debug|Xbox 360
		{E63E45E5-F11F-4097-8FC4-94E477D6019D}.Debug|Windows Phone.ActiveCfg = Debug|Xbox 360
		{E63E45E5-F11F-4097-8FC4-94E477D6019D}.Debug|x86.ActiveCfg = Debug|Xbox 360
		{E63E45E5-F11F-4097-8FC4-94E477D6019D}.Debug|Xbox 360.ActiveCfg = Debug|Xbox 360
		{E63E45E5-F11F-4097-8FC4-94E477D6019D}.Release|Mixed Platforms.ActiveCfg = Release|Xbox 360
		{E63E45E5-F11F-4097-8FC4-94E477D6019D}.Release|Windows Phone.ActiveCfg = Release|Xbox 360
		{E63E45E5-F11F-4097-8FC4-94E477D6019D}.Release|x86.ActiveCfg = Release|Xbox 360
		{E63E45E5-F11F-4097-8FC4-94E477D6019D}.Release|Xbox 360.ActiveCfg = Release|Xbox 360
		{FB019A03-6AF0-4DAC-8D02-EFBFA2580CDC}.Debug|Mixed Platforms.ActiveCfg = Debug|x86
		{FB019A03-6AF0-4DAC-8D02-EFBFA2580CDC}.Debug|Mixed Platforms.Build.0 = Debug|x86
		{FB019A03-6AF0-4DAC-8D02-EFBFA2580CDC}.Debug|Windows Phone.ActiveCfg = Debug|x86
		{FB019A03-6AF0-4DAC-8D02-EFBFA2580CDC}.Debug|Windows Phone.Build.0 = Debug|x86
		{FB019A03-6AF0-4DAC-8D02-EFBFA2580CDC}.Debug|x86.ActiveCfg = Debug|x86
		{FB019A03-6AF0-4DAC-8D02-EFBFA2580CDC}.Debug|x86.Build.0 = Debug|x86
		{FB019A03-6AF0-4DAC-8D02-EFBFA2580CDC}.Debug|Xbox 360.ActiveCfg = Debug|x86
		{FB019A03-6AF0-4DAC-8D02-EFBFA2580CDC}.Debug|Xbox 360.Build.0 = Debug|x86
		{FB019A03-6AF0-4DAC-8D02-EFBFA2580CDC}.Release|Mixed Platforms.ActiveCfg = Release|x86
		{FB019A03-6AF0-4DAC-8D02-EFBFA2580CDC}.Release|Mixed Platforms.Build.0 = Release|x86
		{FB019A03-6AF0-4DAC-8D02-EFBFA2580CDC}.Release|Windows Phone.ActiveCfg = Release|x86
		{FB019A03-6AF0-4DAC-8D02-EFBFA2580CDC}.Release|Windows Phone.Build.0 = Release|x86
		{FB019A03-6AF0-4DAC-8D02-EFBFA2580CDC}.Release|x86.ActiveCfg = Release|x86
		{FB019A03-6AF0-4DAC-8D02-EFBFA2580CDC}.Release|x86.Build.0 = Release|x86
		{FB019A03-6AF0-4DAC-8D02-EFBFA2580CDC}.Release|Xbox 360.ActiveCfg = Release|x86
		{FB019A03-6AF0-4DAC-8D02-EFBFA2580CDC}.Release|Xbox 360.Build.0 = Release|x86
		{7D744755-3F4C-4DBE-8320-47FDEB4522AF}.Debug|Mixed Platforms.ActiveCfg = Debug|Xbox 360
		{7D744755-3F4C-4DBE-8320-47FDEB4522AF}.Debug|Mixed Platforms.Build.0 = Debug|Xbox 360
		{7D744755-3F4C-4DBE-8320-47FDEB4522AF}.Debug|Mixed Platforms.Deploy.0 = Debug|Xbox 360
		{7D744755-3F4C-4DBE-8320-47FDEB4522AF}.Debug|Windows Phone.ActiveCfg = Debug|Xbox 360
		{7D744755-3F4C-4DBE-8320-47FDEB4522AF}.Debug|Windows Phone.Build.0 = Debug|Xbox 360
		{7D744755-3F4C-4DBE-8320-47FDEB4522AF}.Debug|x86.ActiveCfg = Debug|Xbox 360
		{7D744755-3F4C-4DBE-8320-47FDEB4522AF}.Debug|Xbox 360.ActiveCfg = Debug|Xbox 360
		{7D744755-3F4C-4DBE-8320-47FDEB4522AF}.Debug|Xbox 360.Build.0 = Debug|Xbox 360
		{7D744755-3F4C-4DBE-8320-47FDEB4522AF}.Debug|Xbox 360.Deploy.0 = Debug|Xbox 360
		{7D744755-3F4C-4DBE-8320-47FDEB4522AF}.Release|Mixed Platforms.ActiveCfg = Release|Xbox 360
		{7D744755-3F4C-4DBE-8320-47FDEB4522AF}.Release|Mixed Platforms.Build.0 = Release|Xbox 360
		{7D744755-3F4C-4DBE-8320-47FDEB4522AF}.Release|Mixed Platforms.Deploy.0 = Release|Xbox 360
		{7D744755-3F4C-4DBE-8320-47FDEB4522AF}.Release|Windows Phone.ActiveCfg = Release|Xbox 360
		{7D744755-3F4C-4DBE-8320-47FDEB4522AF}.Release|Windows Phone.Build.0 = Release|Xbox 360
		{7D744755-3F4C-4DBE-8320-47FDEB4522AF}.Release|x86.ActiveCfg = Release|Xbox 360
		{7D744755-3F4C-4DBE-8320-47FDEB4522AF}.Release|Xbox 360.ActiveCfg = Release|Xbox 360
		{7D744755-3F4C-4DBE-8320-47FDEB4522AF}.Release|Xbox 360.Build.0 = Release|Xbox 360
		{7D744755-3F4C-4DBE-8320-47FDEB4522AF}.Release|Xbox 360.Deploy.0 = Release|Xbox 360
	EndGlobalSection
	GlobalSection(SolutionProperties) = preSolution
		HideSolutionNode = FALSE
	EndGlobalSection
EndGlobal
